schema: '2.0'
stages:
  prepare:
    cmd: python -m catsdogs.preprocessing --input data/raw --output 
      data/processed --image-size 224 --train-ratio 0.8 --val-ratio 0.1 --seed 
      42
    deps:
    - path: data/raw
      hash: md5
      md5: 24065d336e2cb68607f318df339fe863.dir
      size: 848866647
      nfiles: 24999
    - path: src/catsdogs/preprocessing.py
      hash: md5
      md5: 5892531325b37f3c5cac09bc94d4644b
      size: 7275
    params:
      params.yaml:
        prepare:
          image_size: 224
          train_ratio: 0.8
          val_ratio: 0.1
          test_ratio: 0.1
          seed: 42
    outs:
    - path: data/processed
      hash: md5
      md5: 53502ce4bfca65b859b7d09751beeb47.dir
      size: 391328604
      nfiles: 25000
  train:
    cmd: >-
      python -m catsdogs.train_cnn --data data/processed --model-output
      models/cats_dogs_cnn.onnx --checkpoint-output models/cats_dogs_cnn.pt
      --reports-dir reports --epochs 20 --learning-rate 0.001
      --max-learning-rate 0.003 --batch-size 64 --weight-decay 0.0001 --dropout
      0.4 --seed 42 --patience 5 --num-workers 2 --augmentation
    deps:
    - path: data/processed
      hash: md5
      md5: 53502ce4bfca65b859b7d09751beeb47.dir
      size: 391328604
      nfiles: 25000
    - path: src/catsdogs/cnn.py
      hash: md5
      md5: 0157d294a7e7c9e33e6dc613dba662c1
      size: 1917
    - path: src/catsdogs/model.py
      hash: md5
      md5: 4bbf7a33986828b29b224d91ef3a5d3c
      size: 7022
    - path: src/catsdogs/train_cnn.py
      hash: md5
      md5: 9460be7d165fbc6a9632a4ca45485857
      size: 15688
    params:
      params.yaml:
        train:
          architecture: five_block_simple_cnn
          pretrained: false
          transfer_learning: false
          epochs: 20
          learning_rate: 0.001
          max_learning_rate: 0.003
          batch_size: 64
          weight_decay: 0.0001
          dropout: 0.4
          seed: 42
          augmentation: true
          patience: 5
          num_workers: 2
    outs:
    - path: reports/figures/confusion_matrix.png
      hash: md5
      md5: ebd7264452aee62f89aed587689ae262
      size: 8133
    - path: reports/figures/loss_curve.png
      hash: md5
      md5: 9293a4f16fd336687a63da0e5ad39c7c
      size: 9158
    - path: reports/metrics.json
      hash: md5
      md5: be8b6c317fcbac0e26c36b78ed2ed427
      size: 5734
